lockfileVersion: '9.0'

settings:
  autoInstallPeers: true
  excludeLinksFromLockfile: false

importers:

  .:
    dependencies:
      '@climblee/uv-ui':
        specifier: ^1.1.20
        version: 1.1.20
      '@dcloudio/uni-ui':
        specifier: ^1.5.11
        version: 1.5.11
      dayjs:
        specifier: ^1.11.19
        version: 1.11.19
      pinia-plugin-persistedstate:
        specifier: ^4.7.1
        version: 4.7.1
      xe-utils:
        specifier: ^3.7.9
        version: 3.8.0

packages:

  '@climblee/uv-ui@1.1.20':
    resolution: {integrity: sha512-jkyesHJsPJkF4Nap9ZmG1/ibKlxXA5M8+ntqKXwwloIsYSYL5SOKb0gyPj17aBOU1PkJpmeiZ8PwnTolhK2/HA==}

  '@dcloudio/uni-ui@1.5.11':
    resolution: {integrity: sha512-DBtk046ofmeFd82zRI7d89SoEwrAxYzUN3WVPm1DIBkpLPG5F5QDNkHMnZGu2wNrMEmGBjBpUh3vqEY1L3jaMw==}

  dayjs@1.11.19:
    resolution: {integrity: sha512-t5EcLVS6QPBNqM2z8fakk/NKel+Xzshgt8FFKAn+qwlD1pzZWxh0nVCrvFK7ZDb6XucZeF9z8C7CBWTRIVApAw==}

  defu@6.1.4:
    resolution: {integrity: sha512-mEQCMmwJu317oSz8CwdIOdwf3xMif1ttiM8LTufzc3g6kR+9Pe236twL8j3IYT1F7GfRgGcW6MWxzZjLIkuHIg==}

  pinia-plugin-persistedstate@4.7.1:
    resolution: {integrity: sha512-WHOqh2esDlR3eAaknPbqXrkkj0D24h8shrDPqysgCFR6ghqP/fpFfJmMPJp0gETHsvrh9YNNg6dQfo2OEtDnIQ==}
    peerDependencies:
      '@nuxt/kit': '>=3.0.0'
      '@pinia/nuxt': '>=0.10.0'
      pinia: '>=3.0.0'
    peerDependenciesMeta:
      '@nuxt/kit':
        optional: true
      '@pinia/nuxt':
        optional: true
      pinia:
        optional: true

  xe-utils@3.8.0:
    resolution: {integrity: sha512-eziNd3IyxzUBAZByQhNuxcd9UUKN2yqR0w2zjPMtXWzzM3GFg6ztjRH76aSfxIZCco1o53TX3uJ7EY3jNpVo/A==}

snapshots:

  '@climblee/uv-ui@1.1.20': {}

  '@dcloudio/uni-ui@1.5.11': {}

  dayjs@1.11.19: {}

  defu@6.1.4: {}

  pinia-plugin-persistedstate@4.7.1:
    dependencies:
      defu: 6.1.4

  xe-utils@3.8.0: {}
